
Microsoft Visual Studio Solution File, Format Version 12.00
# Visual Studio Version 17
VisualStudioVersion = 17.7.34024.191
MinimumVisualStudioVersion = 10.0.40219.1
Project("{9A19103F-16F7-4668-BE54-9A1E7A4F7556}") = "Snake", "Snake\Snake.csproj", "{6465B710-64DE-4AB9-9D63-F73C1E75A739}"
EndProject
Project("{2150E333-8FDC-42A3-9474-1A3956D46DE8}") = "Элементы решения", "Элементы решения", "{6DE49A21-073C-4617-8FE9-00AA9B693B6D}"
EndProject
Global
	GlobalSection(SolutionConfigurationPlatforms) = preSolution
		Debug|Any CPU = Debug|Any CPU
		Release|Any CPU = Release|Any CPU
	EndGlobalSection
	GlobalSection(ProjectConfigurationPlatforms) = postSolution
		{6465B710-64DE-4AB9-9D63-F73C1E75A739}.Debug|Any CPU.ActiveCfg = Debug|Any CPU
		{6465B710-64DE-4AB9-9D63-F73C1E75A739}.Debug|Any CPU.Build.0 = Debug|Any CPU
		{6465B710-64DE-4AB9-9D63-F73C1E75A739}.Release|Any CPU.ActiveCfg = Release|Any CPU
		{6465B710-64DE-4AB9-9D63-F73C1E75A739}.Release|Any CPU.Build.0 = Release|Any CPU
	EndGlobalSection
	GlobalSection(SolutionProperties) = preSolution
		HideSolutionNode = FALSE
	EndGlobalSection
	GlobalSection(ExtensibilityGlobals) = postSolution
		SolutionGuid = {67C4794B-5B62-47CE-8DA0-3DDDA2CA5CF4}
	EndGlobalSection
EndGlobal
